// !$*UTF8*$!
{
	archiveVersion = 1;
	classes = {
	};
	objectVersion = 50;
	objects = {

/* Begin PBXBuildFile section */
		804C5C202658A22F00FF7CDE /* ImageLoader.swift in Sources */ = {isa = PBXBuildFile; fileRef = 804C5C1F2658A22F00FF7CDE /* ImageLoader.swift */; };
		804C5C212658A22F00FF7CDE /* ImageLoader.swift in Sources */ = {isa = PBXBuildFile; fileRef = 804C5C1F2658A22F00FF7CDE /* ImageLoader.swift */; };
		80BC40082614F37A00034765 /* Tests_iOS.swift in Sources */ = {isa = PBXBuildFile; fileRef = 80BC40072614F37A00034765 /* Tests_iOS.swift */; };
		80BC40132614F37A00034765 /* Tests_macOS.swift in Sources */ = {isa = PBXBuildFile; fileRef = 80BC40122614F37A00034765 /* Tests_macOS.swift */; };
		80BC40152614F37A00034765 /* SwiftUI_MVVMApp.swift in Sources */ = {isa = PBXBuildFile; fileRef = 80BC3FEC2614F37800034765 /* SwiftUI_MVVMApp.swift */; };
		80BC40162614F37A00034765 /* SwiftUI_MVVMApp.swift in Sources */ = {isa = PBXBuildFile; fileRef = 80BC3FEC2614F37800034765 /* SwiftUI_MVVMApp.swift */; };
		80BC40172614F37A00034765 /* ContentView.swift in Sources */ = {isa = PBXBuildFile; fileRef = 80BC3FED2614F37800034765 /* ContentView.swift */; };
		80BC40182614F37A00034765 /* ContentView.swift in Sources */ = {isa = PBXBuildFile; fileRef = 80BC3FED2614F37800034765 /* ContentView.swift */; };
		80BC40192614F37A00034765 /* Assets.xcassets in Resources */ = {isa = PBXBuildFile; fileRef = 80BC3FEE2614F37A00034765 /* Assets.xcassets */; };
		80BC401A2614F37A00034765 /* Assets.xcassets in Resources */ = {isa = PBXBuildFile; fileRef = 80BC3FEE2614F37A00034765 /* Assets.xcassets */; };
		80BC402E2614F3B500034765 /* APIClient.swift in Sources */ = {isa = PBXBuildFile; fileRef = 80BC402D2614F3B500034765 /* APIClient.swift */; };
		80BC402F2614F3B500034765 /* APIClient.swift in Sources */ = {isa = PBXBuildFile; fileRef = 80BC402D2614F3B500034765 /* APIClient.swift */; };
/* End PBXBuildFile section */

/* Begin PBXContainerItemProxy section */
		80BC40042614F37A00034765 /* PBXContainerItemProxy */ = {
			isa = PBXContainerItemProxy;
			containerPortal = 80BC3FE72614F37800034765 /* Project object */;
			proxyType = 1;
			remoteGlobalIDString = 80BC3FF22614F37A00034765;
			remoteInfo = "SwiftUI-MVVM (iOS)";
		};
		80BC400F2614F37A00034765 /* PBXContainerItemProxy */ = {
			isa = PBXContainerItemProxy;
			containerPortal = 80BC3FE72614F37800034765 /* Project object */;
			proxyType = 1;
			remoteGlobalIDString = 80BC3FFA2614F37A00034765;
			remoteInfo = "SwiftUI-MVVM (macOS)";
		};
/* End PBXContainerItemProxy section */

/* Begin PBXFileReference section */
		804C5C1F2658A22F00FF7CDE /* ImageLoader.swift */ = {isa = PBXFileReference; lastKnownFileType = sourcecode.swift; path = ImageLoader.swift; sourceTree = "<group>"; };
		80BC3FEC2614F37800034765 /* SwiftUI_MVVMApp.swift */ = {isa = PBXFileReference; lastKnownFileType = sourcecode.swift; path = SwiftUI_MVVMApp.swift; sourceTree = "<group>"; };
		80BC3FED2614F37800034765 /* ContentView.swift */ = {isa = PBXFileReference; lastKnownFileType = sourcecode.swift; path = ContentView.swift; sourceTree = "<group>"; };
		80BC3FEE2614F37A00034765 /* Assets.xcassets */ = {isa = PBXFileReference; lastKnownFileType = folder.assetcatalog; path = Assets.xcassets; sourceTree = "<group>"; };
		80BC3FF32614F37A00034765 /* SwiftUI-MVVM.app */ = {isa = PBXFileReference; explicitFileType = wrapper.application; includeInIndex = 0; path = "SwiftUI-MVVM.app"; sourceTree = BUILT_PRODUCTS_DIR; };
		80BC3FF62614F37A00034765 /* Info.plist */ = {isa = PBXFileReference; lastKnownFileType = text.plist.xml; path = Info.plist; sourceTree = "<group>"; };
		80BC3FFB2614F37A00034765 /* SwiftUI-MVVM.app */ = {isa = PBXFileReference; explicitFileType = wrapper.application; includeInIndex = 0; path = "SwiftUI-MVVM.app"; sourceTree = BUILT_PRODUCTS_DIR; };
		80BC3FFD2614F37A00034765 /* Info.plist */ = {isa = PBXFileReference; lastKnownFileType = text.plist.xml; path = Info.plist; sourceTree = "<group>"; };
		80BC3FFE2614F37A00034765 /* macOS.entitlements */ = {isa = PBXFileReference; lastKnownFileType = text.plist.entitlements; path = macOS.entitlements; sourceTree = "<group>"; };
		80BC40032614F37A00034765 /* Tests iOS.xctest */ = {isa = PBXFileReference; explicitFileType = wrapper.cfbundle; includeInIndex = 0; path = "Tests iOS.xctest"; sourceTree = BUILT_PRODUCTS_DIR; };
		80BC40072614F37A00034765 /* Tests_iOS.swift */ = {isa = PBXFileReference; lastKnownFileType = sourcecode.swift; path = Tests_iOS.swift; sourceTree = "<group>"; };
		80BC40092614F37A00034765 /* Info.plist */ = {isa = PBXFileReference; lastKnownFileType = text.plist.xml; path = Info.plist; sourceTree = "<group>"; };
		80BC400E2614F37A00034765 /* Tests macOS.xctest */ = {isa = PBXFileReference; explicitFileType = wrapper.cfbundle; includeInIndex = 0; path = "Tests macOS.xctest"; sourceTree = BUILT_PRODUCTS_DIR; };
		80BC40122614F37A00034765 /* Tests_macOS.swift */ = {isa = PBXFileReference; lastKnownFileType = sourcecode.swift; path = Tests_macOS.swift; sourceTree = "<group>"; };
		80BC40142614F37A00034765 /* Info.plist */ = {isa = PBXFileReference; lastKnownFileType = text.plist.xml; path = Info.plist; sourceTree = "<group>"; };
		80BC402D2614F3B500034765 /* APIClient.swift */ = {isa = PBXFileReference; lastKnownFileType = sourcecode.swift; path = APIClient.swift; sourceTree = "<group>"; };
/* End PBXFileReference section */

/* Begin PBXFrameworksBuildPhase section */
		80BC3FF02614F37A00034765 /* Frameworks */ = {
			isa = PBXFrameworksBuildPhase;
			buildActionMask = 2147483647;
			files = (
			);
			runOnlyForDeploymentPostprocessing = 0;
		};
		80BC3FF82614F37A00034765 /* Frameworks */ = {
			isa = PBXFrameworksBuildPhase;
			buildActionMask = 2147483647;
			files = (
			);
			runOnlyForDeploymentPostprocessing = 0;
		};
		80BC40002614F37A00034765 /* Frameworks */ = {
			isa = PBXFrameworksBuildPhase;
			buildActionMask = 2147483647;
			files = (
			);
			runOnlyForDeploymentPostprocessing = 0;
		};
		80BC400B2614F37A00034765 /* Frameworks */ = {
			isa = PBXFrameworksBuildPhase;
			buildActionMask = 2147483647;
			files = (
			);
			runOnlyForDeploymentPostprocessing = 0;
		};
/* End PBXFrameworksBuildPhase section */

/* Begin PBXGroup section */
		80BC3FE62614F37800034765 = {
			isa = PBXGroup;
			children = (
				80BC3FEB2614F37800034765 /* Shared */,
				80BC3FF52614F37A00034765 /* iOS */,
				80BC3FFC2614F37A00034765 /* macOS */,
				80BC40062614F37A00034765 /* Tests iOS */,
				80BC40112614F37A00034765 /* Tests macOS */,
				80BC3FF42614F37A00034765 /* Products */,
			);
			sourceTree = "<group>";
		};
		80BC3FEB2614F37800034765 /* Shared */ = {
			isa = PBXGroup;
			children = (
				80BC3FEC2614F37800034765 /* SwiftUI_MVVMApp.swift */,
				80BC3FED2614F37800034765 /* ContentView.swift */,
				804C5C1F2658A22F00FF7CDE /* ImageLoader.swift */,
				80BC402D2614F3B500034765 /* APIClient.swift */,
				80BC3FEE2614F37A00034765 /* Assets.xcassets */,
			);
			path = Shared;
			sourceTree = "<group>";
		};
		80BC3FF42614F37A00034765 /* Products */ = {
			isa = PBXGroup;
			children = (
				80BC3FF32614F37A00034765 /* SwiftUI-MVVM.app */,
				80BC3FFB2614F37A00034765 /* SwiftUI-MVVM.app */,
				80BC40032614F37A00034765 /* Tests iOS.xctest */,
				80BC400E2614F37A00034765 /* Tests macOS.xctest */,
			);
			name = Products;
			sourceTree = "<group>";
		};
		80BC3FF52614F37A00034765 /* iOS */ = {
			isa = PBXGroup;
			children = (
				80BC3FF62614F37A00034765 /* Info.plist */,
			);
			path = iOS;
			sourceTree = "<group>";
		};
		80BC3FFC2614F37A00034765 /* macOS */ = {
			isa = PBXGroup;
			children = (
				80BC3FFD2614F37A00034765 /* Info.plist */,
				80BC3FFE2614F37A00034765 /* macOS.entitlements */,
			);
			path = macOS;
			sourceTree = "<group>";
		};
		80BC40062614F37A00034765 /* Tests iOS */ = {
			isa = PBXGroup;
			children = (
				80BC40072614F37A00034765 /* Tests_iOS.swift */,
				80BC40092614F37A00034765 /* Info.plist */,
			);
			path = "Tests iOS";
			sourceTree = "<group>";
		};
		80BC40112614F37A00034765 /* Tests macOS */ = {
			isa = PBXGroup;
			children = (
				80BC40122614F37A00034765 /* Tests_macOS.swift */,
				80BC40142614F37A00034765 /* Info.plist */,
			);
			path = "Tests macOS";
			sourceTree = "<group>";
		};
/* End PBXGroup section */

/* Begin PBXNativeTarget section */
		80BC3FF22614F37A00034765 /* SwiftUI-MVVM (iOS) */ = {
			isa = PBXNativeTarget;
			buildConfigurationList = 80BC401D2614F37A00034765 /* Build configuration list for PBXNativeTarget "SwiftUI-MVVM (iOS)" */;
			buildPhases = (
				80BC3FEF2614F37A00034765 /* Sources */,
				80BC3FF02614F37A00034765 /* Frameworks */,
				80BC3FF12614F37A00034765 /* Resources */,
			);
			buildRules = (
			);
			dependencies = (
			);
			name = "SwiftUI-MVVM (iOS)";
			productName = "SwiftUI-MVVM (iOS)";
			productReference = 80BC3FF32614F37A00034765 /* SwiftUI-MVVM.app */;
			productType = "com.apple.product-type.application";
		};
		80BC3FFA2614F37A00034765 /* SwiftUI-MVVM (macOS) */ = {
			isa = PBXNativeTarget;
			buildConfigurationList = 80BC40202614F37A00034765 /* Build configuration list for PBXNativeTarget "SwiftUI-MVVM (macOS)" */;
			buildPhases = (
				80BC3FF72614F37A00034765 /* Sources */,
				80BC3FF82614F37A00034765 /* Frameworks */,
				80BC3FF92614F37A00034765 /* Resources */,
			);
			buildRules = (
			);
			dependencies = (
			);
			name = "SwiftUI-MVVM (macOS)";
			productName = "SwiftUI-MVVM (macOS)";
			productReference = 80BC3FFB2614F37A00034765 /* SwiftUI-MVVM.app */;
			productType = "com.apple.product-type.application";
		};
		80BC40022614F37A00034765 /* Tests iOS */ = {
			isa = PBXNativeTarget;
			buildConfigurationList = 80BC40232614F37A00034765 /* Build configuration list for PBXNativeTarget "Tests iOS" */;
			buildPhases = (
				80BC3FFF2614F37A00034765 /* Sources */,
				80BC40002614F37A00034765 /* Frameworks */,
				80BC40012614F37A00034765 /* Resources */,
			);
			buildRules = (
			);
			dependencies = (
				80BC40052614F37A00034765 /* PBXTargetDependency */,
			);
			name = "Tests iOS";
			productName = "Tests iOS";
			productReference = 80BC40032614F37A00034765 /* Tests iOS.xctest */;
			productType = "com.apple.product-type.bundle.ui-testing";
		};
		80BC400D2614F37A00034765 /* Tests macOS */ = {
			isa = PBXNativeTarget;
			buildConfigurationList = 80BC40262614F37A00034765 /* Build configuration list for PBXNativeTarget "Tests macOS" */;
			buildPhases = (
				80BC400A2614F37A00034765 /* Sources */,
				80BC400B2614F37A00034765 /* Frameworks */,
				80BC400C2614F37A00034765 /* Resources */,
			);
			buildRules = (
			);
			dependencies = (
				80BC40102614F37A00034765 /* PBXTargetDependency */,
			);
			name = "Tests macOS";
			productName = "Tests macOS";
			productReference = 80BC400E2614F37A00034765 /* Tests macOS.xctest */;
			productType = "com.apple.product-type.bundle.ui-testing";
		};
/* End PBXNativeTarget section */

/* Begin PBXProject section */
		80BC3FE72614F37800034765 /* Project object */ = {
			isa = PBXProject;
			attributes = {
				LastSwiftUpdateCheck = 1240;
				LastUpgradeCheck = 1240;
				TargetAttributes = {
					80BC3FF22614F37A00034765 = {
						CreatedOnToolsVersion = 12.4;
					};
					80BC3FFA2614F37A00034765 = {
						CreatedOnToolsVersion = 12.4;
					};
					80BC40022614F37A00034765 = {
						CreatedOnToolsVersion = 12.4;
						TestTargetID = 80BC3FF22614F37A00034765;
					};
					80BC400D2614F37A00034765 = {
						CreatedOnToolsVersion = 12.4;
						TestTargetID = 80BC3FFA2614F37A00034765;
					};
				};
			};
			buildConfigurationList = 80BC3FEA2614F37800034765 /* Build configuration list for PBXProject "SwiftUI-MVVM" */;
			compatibilityVersion = "Xcode 9.3";
			developmentRegion = en;
			hasScannedForEncodings = 0;
			knownRegions = (
				en,
				Base,
			);
			mainGroup = 80BC3FE62614F37800034765;
			productRefGroup = 80BC3FF42614F37A00034765 /* Products */;
			projectDirPath = "";
			projectRoot = "";
			targets = (
				80BC3FF22614F37A00034765 /* SwiftUI-MVVM (iOS) */,
				80BC3FFA2614F37A00034765 /* SwiftUI-MVVM (macOS) */,
				80BC40022614F37A00034765 /* Tests iOS */,
				80BC400D2614F37A00034765 /* Tests macOS */,
			);
		};
/* End PBXProject section */

/* Begin PBXResourcesBuildPhase section */
		80BC3FF12614F37A00034765 /* Resources */ = {
			isa = PBXResourcesBuildPhase;
			buildActionMask = 2147483647;
			files = (
				80BC40192614F37A00034765 /* Assets.xcassets in Resources */,
			);
			runOnlyForDeploymentPostprocessing = 0;
		};
		80BC3FF92614F37A00034765 /* Resources */ = {
			isa = PBXResourcesBuildPhase;
			buildActionMask = 2147483647;
			files = (
				80BC401A2614F37A00034765 /* Assets.xcassets in Resources */,
			);
			runOnlyForDeploymentPostprocessing = 0;
		};
		80BC40012614F37A00034765 /* Resources */ = {
			isa = PBXResourcesBuildPhase;
			buildActionMask = 2147483647;
			files = (
			);
			runOnlyForDeploymentPostprocessing = 0;
		};
		80BC400C2614F37A00034765 /* Resources */ = {
			isa = PBXResourcesBuildPhase;
			buildActionMask = 2147483647;
			files = (
			);
			runOnlyForDeploymentPostprocessing = 0;
		};
/* End PBXResourcesBuildPhase section */

/* Begin PBXSourcesBuildPhase section */
		80BC3FEF2614F37A00034765 /* Sources */ = {
			isa = PBXSourcesBuildPhase;
			buildActionMask = 2147483647;
			files = (
				80BC40172614F37A00034765 /* ContentView.swift in Sources */,
				80BC40152614F37A00034765 /* SwiftUI_MVVMApp.swift in Sources */,
				804C5C202658A22F00FF7CDE /* ImageLoader.swift in Sources */,
				80BC402E2614F3B500034765 /* APIClient.swift in Sources */,
			);
			runOnlyForDeploymentPostprocessing = 0;
		};
		80BC3FF72614F37A00034765 /* Sources */ = {
			isa = PBXSourcesBuildPhase;
			buildActionMask = 2147483647;
			files = (
				80BC40182614F37A00034765 /* ContentView.swift in Sources */,
				80BC40162614F37A00034765 /* SwiftUI_MVVMApp.swift in Sources */,
				804C5C212658A22F00FF7CDE /* ImageLoader.swift in Sources */,
				80BC402F2614F3B500034765 /* APIClient.swift in Sources */,
			);
			runOnlyForDeploymentPostprocessing = 0;
		};
		80BC3FFF2614F37A00034765 /* Sources */ = {
			isa = PBXSourcesBuildPhase;
			buildActionMask = 2147483647;
			files = (
				80BC40082614F37A00034765 /* Tests_iOS.swift in Sources */,
			);
			runOnlyForDeploymentPostprocessing = 0;
		};
		80BC400A2614F37A00034765 /* Sources */ = {
			isa = PBXSourcesBuildPhase;
			buildActionMask = 2147483647;
			files = (
				80BC40132614F37A00034765 /* Tests_macOS.swift in Sources */,
			);
			runOnlyForDeploymentPostprocessing = 0;
		};
/* End PBXSourcesBuildPhase section */

/* Begin PBXTargetDependency section */
		80BC40052614F37A00034765 /* PBXTargetDependency */ = {
			isa = PBXTargetDependency;
			target = 80BC3FF22614F37A00034765 /* SwiftUI-MVVM (iOS) */;
			targetProxy = 80BC40042614F37A00034765 /* PBXContainerItemProxy */;
		};
		80BC40102614F37A00034765 /* PBXTargetDependency */ = {
			isa = PBXTargetDependency;
			target = 80BC3FFA2614F37A00034765 /* SwiftUI-MVVM (macOS) */;
			targetProxy = 80BC400F2614F37A00034765 /* PBXContainerItemProxy */;
		};
/* End PBXTargetDependency section */

/* Begin XCBuildConfiguration section */
		80BC401B2614F37A00034765 /* Debug */ = {
			isa = XCBuildConfiguration;
			buildSettings = {
				ALWAYS_SEARCH_USER_PATHS = NO;
				CLANG_ANALYZER_NONNULL = YES;
				CLANG_ANALYZER_NUMBER_OBJECT_CONVERSION = YES_AGGRESSIVE;
				CLANG_CXX_LANGUAGE_STANDARD = "gnu++14";
				CLANG_CXX_LIBRARY = "libc++";
				CLANG_ENABLE_MODULES = YES;
				CLANG_ENABLE_OBJC_ARC = YES;
				CLANG_ENABLE_OBJC_WEAK = YES;
				CLANG_WARN_BLOCK_CAPTURE_AUTORELEASING = YES;
				CLANG_WARN_BOOL_CONVERSION = YES;
				CLANG_WARN_COMMA = YES;
				CLANG_WARN_CONSTANT_CONVERSION = YES;
				CLANG_WARN_DEPRECATED_OBJC_IMPLEMENTATIONS = YES;
				CLANG_WARN_DIRECT_OBJC_ISA_USAGE = YES_ERROR;
				CLANG_WARN_DOCUMENTATION_COMMENTS = YES;
				CLANG_WARN_EMPTY_BODY = YES;
				CLANG_WARN_ENUM_CONVERSION = YES;
				CLANG_WARN_INFINITE_RECURSION = YES;
				CLANG_WARN_INT_CONVERSION = YES;
				CLANG_WARN_NON_LITERAL_NULL_CONVERSION = YES;
				CLANG_WARN_OBJC_IMPLICIT_RETAIN_SELF = YES;
				CLANG_WARN_OBJC_LITERAL_CONVERSION = YES;
				CLANG_WARN_OBJC_ROOT_CLASS = YES_ERROR;
				CLANG_WARN_QUOTED_INCLUDE_IN_FRAMEWORK_HEADER = YES;
				CLANG_WARN_RANGE_LOOP_ANALYSIS = YES;
				CLANG_WARN_STRICT_PROTOTYPES = YES;
				CLANG_WARN_SUSPICIOUS_MOVE = YES;
				CLANG_WARN_UNGUARDED_AVAILABILITY = YES_AGGRESSIVE;
				CLANG_WARN_UNREACHABLE_CODE = YES;
				CLANG_WARN__DUPLICATE_METHOD_MATCH = YES;
				COPY_PHASE_STRIP = NO;
				DEBUG_INFORMATION_FORMAT = dwarf;
				ENABLE_STRICT_OBJC_MSGSEND = YES;
				ENABLE_TESTABILITY = YES;
				GCC_C_LANGUAGE_STANDARD = gnu11;
				GCC_DYNAMIC_NO_PIC = NO;
				GCC_NO_COMMON_BLOCKS = YES;
				GCC_OPTIMIZATION_LEVEL = 0;
				GCC_PREPROCESSOR_DEFINITIONS = (
					"DEBUG=1",
					"$(inherited)",
				);
				GCC_WARN_64_TO_32_BIT_CONVERSION = YES;
				GCC_WARN_ABOUT_RETURN_TYPE = YES_ERROR;
				GCC_WARN_UNDECLARED_SELECTOR = YES;
				GCC_WARN_UNINITIALIZED_AUTOS = YES_AGGRESSIVE;
				GCC_WARN_UNUSED_FUNCTION = YES;
				GCC_WARN_UNUSED_VARIABLE = YES;
				MTL_ENABLE_DEBUG_INFO = INCLUDE_SOURCE;
				MTL_FAST_MATH = YES;
				ONLY_ACTIVE_ARCH = YES;
				SWIFT_ACTIVE_COMPILATION_CONDITIONS = DEBUG;
				SWIFT_OPTIMIZATION_LEVEL = "-Onone";
			};
			name = Debug;
		};
		80BC401C2614F37A00034765 /* Release */ = {
			isa = XCBuildConfiguration;
			buildSettings = {
				ALWAYS_SEARCH_USER_PATHS = NO;
				CLANG_ANALYZER_NONNULL = YES;
				CLANG_ANALYZER_NUMBER_OBJECT_CONVERSION = YES_AGGRESSIVE;
				CLANG_CXX_LANGUAGE_STANDARD = "gnu++14";
				CLANG_CXX_LIBRARY = "libc++";
				CLANG_ENABLE_MODULES = YES;
				CLANG_ENABLE_OBJC_ARC = YES;
				CLANG_ENABLE_OBJC_WEAK = YES;
				CLANG_WARN_BLOCK_CAPTURE_AUTORELEASING = YES;
				CLANG_WARN_BOOL_CONVERSION = YES;
				CLANG_WARN_COMMA = YES;
				CLANG_WARN_CONSTANT_CONVERSION = YES;
				CLANG_WARN_DEPRECATED_OBJC_IMPLEMENTATIONS = YES;
				CLANG_WARN_DIRECT_OBJC_ISA_USAGE = YES_ERROR;
				CLANG_WARN_DOCUMENTATION_COMMENTS = YES;
				CLANG_WARN_EMPTY_BODY = YES;
				CLANG_WARN_ENUM_CONVERSION = YES;
				CLANG_WARN_INFINITE_RECURSION = YES;
				CLANG_WARN_INT_CONVERSION = YES;
				CLANG_WARN_NON_LITERAL_NULL_CONVERSION = YES;
				CLANG_WARN_OBJC_IMPLICIT_RETAIN_SELF = YES;
				CLANG_WARN_OBJC_LITERAL_CONVERSION = YES;
				CLANG_WARN_OBJC_ROOT_CLASS = YES_ERROR;
				CLANG_WARN_QUOTED_INCLUDE_IN_FRAMEWORK_HEADER = YES;
				CLANG_WARN_RANGE_LOOP_ANALYSIS = YES;
				CLANG_WARN_STRICT_PROTOTYPES = YES;
				CLANG_WARN_SUSPICIOUS_MOVE = YES;
				CLANG_WARN_UNGUARDED_AVAILABILITY = YES_AGGRESSIVE;
				CLANG_WARN_UNREACHABLE_CODE = YES;
				CLANG_WARN__DUPLICATE_METHOD_MATCH = YES;
				COPY_PHASE_STRIP = NO;
				DEBUG_INFORMATION_FORMAT = "dwarf-with-dsym";
				ENABLE_NS_ASSERTIONS = NO;
				ENABLE_STRICT_OBJC_MSGSEND = YES;
				GCC_C_LANGUAGE_STANDARD = gnu11;
				GCC_NO_COMMON_BLOCKS = YES;
				GCC_WARN_64_TO_32_BIT_CONVERSION = YES;
				GCC_WARN_ABOUT_RETURN_TYPE = YES_ERROR;
				GCC_WARN_UNDECLARED_SELECTOR = YES;
				GCC_WARN_UNINITIALIZED_AUTOS = YES_AGGRESSIVE;
				GCC_WARN_UNUSED_FUNCTION = YES;
				GCC_WARN_UNUSED_VARIABLE = YES;
				MTL_ENABLE_DEBUG_INFO = NO;
				MTL_FAST_MATH = YES;
				SWIFT_COMPILATION_MODE = wholemodule;
				SWIFT_OPTIMIZATION_LEVEL = "-O";
			};
			name = Release;
		};
		80BC401E2614F37A00034765 /* Debug */ = {
			isa = XCBuildConfiguration;
			buildSettings = {
				ASSETCATALOG_COMPILER_APPICON_NAME = AppIcon;
				ASSETCATALOG_COMPILER_GLOBAL_ACCENT_COLOR_NAME = AccentColor;
				CODE_SIGN_STYLE = Automatic;
				DEVELOPMENT_TEAM = P547T297G7;
				ENABLE_PREVIEWS = YES;
				INFOPLIST_FILE = iOS/Info.plist;
				IPHONEOS_DEPLOYMENT_TARGET = 14.0;
				LD_RUNPATH_SEARCH_PATHS = (
					"$(inherited)",
					"@executable_path/Frameworks",
				);
				PRODUCT_BUNDLE_IDENTIFIER = "com.MaitreeBain.SwiftUI-MVVM";
				PRODUCT_NAME = "SwiftUI-MVVM";
				SDKROOT = iphoneos;
				SWIFT_VERSION = 5.0;
				TARGETED_DEVICE_FAMILY = "1,2";
			};
			name = Debug;
		};
		80BC401F2614F37A00034765 /* Release */ = {
			isa = XCBuildConfiguration;
			buildSettings = {
				ASSETCATALOG_COMPILER_APPICON_NAME = AppIcon;
				ASSETCATALOG_COMPILER_GLOBAL_ACCENT_COLOR_NAME = AccentColor;
				CODE_SIGN_STYLE = Automatic;
				DEVELOPMENT_TEAM = P547T297G7;
				ENABLE_PREVIEWS = YES;
				INFOPLIST_FILE = iOS/Info.plist;
				IPHONEOS_DEPLOYMENT_TARGET = 14.0;
				LD_RUNPATH_SEARCH_PATHS = (
					"$(inherited)",
					"@executable_path/Frameworks",
				);
				PRODUCT_BUNDLE_IDENTIFIER = "com.MaitreeBain.SwiftUI-MVVM";
				PRODUCT_NAME = "SwiftUI-MVVM";
				SDKROOT = iphoneos;
				SWIFT_VERSION = 5.0;
				TARGETED_DEVICE_FAMILY = "1,2";
				VALIDATE_PRODUCT = YES;
			};
			name = Release;
		};
		80BC40212614F37A00034765 /* Debug */ = {
			isa = XCBuildConfiguration;
			buildSettings = {
				ASSETCATALOG_COMPILER_APPICON_NAME = AppIcon;
				ASSETCATALOG_COMPILER_GLOBAL_ACCENT_COLOR_NAME = AccentColor;
				CODE_SIGN_ENTITLEMENTS = macOS/macOS.entitlements;
				CODE_SIGN_STYLE = Automatic;
				COMBINE_HIDPI_IMAGES = YES;
				DEVELOPMENT_TEAM = P547T297G7;
				ENABLE_HARDENED_RUNTIME = YES;
				ENABLE_PREVIEWS = YES;
				INFOPLIST_FILE = macOS/Info.plist;
				LD_RUNPATH_SEARCH_PATHS = (
					"$(inherited)",
					"@executable_path/../Frameworks",
				);
				MACOSX_DEPLOYMENT_TARGET = 11.0;
				PRODUCT_BUNDLE_IDENTIFIER = "com.MaitreeBain.SwiftUI-MVVM";
				PRODUCT_NAME = "SwiftUI-MVVM";
				SDKROOT = macosx;
				SWIFT_VERSION = 5.0;
			};
			name = Debug;
		};
		80BC40222614F37A00034765 /* Release */ = {
			isa = XCBuildConfiguration;
			buildSettings = {
				ASSETCATALOG_COMPILER_APPICON_NAME = AppIcon;
				ASSETCATALOG_COMPILER_GLOBAL_ACCENT_COLOR_NAME = AccentColor;
				CODE_SIGN_ENTITLEMENTS = macOS/macOS.entitlements;
				CODE_SIGN_STYLE = Automatic;
				COMBINE_HIDPI_IMAGES = YES;
				DEVELOPMENT_TEAM = P547T297G7;
				ENABLE_HARDENED_RUNTIME = YES;
				ENABLE_PREVIEWS = YES;
				INFOPLIST_FILE = macOS/Info.plist;
				LD_RUNPATH_SEARCH_PATHS = (
					"$(inherited)",
					"@executable_path/../Frameworks",
				);
				MACOSX_DEPLOYMENT_TARGET = 11.0;
				PRODUCT_BUNDLE_IDENTIFIER = "com.MaitreeBain.SwiftUI-MVVM";
				PRODUCT_NAME = "SwiftUI-MVVM";
				SDKROOT = macosx;
				SWIFT_VERSION = 5.0;
			};
			name = Release;
		};
		80BC40242614F37A00034765 /* Debug */ = {
			isa = XCBuildConfiguration;
			buildSettings = {
				ALWAYS_EMBED_SWIFT_STANDARD_LIBRARIES = YES;
				CODE_SIGN_STYLE = Automatic;
				DEVELOPMENT_TEAM = P547T297G7;
				INFOPLIST_FILE = "Tests iOS/Info.plist";
				IPHONEOS_DEPLOYMENT_TARGET = 14.4;
				LD_RUNPATH_SEARCH_PATHS = (
					"$(inherited)",
					"@executable_path/Frameworks",
					"@loader_path/Frameworks",
				);
				PRODUCT_BUNDLE_IDENTIFIER = "com.MaitreeBain.Tests-iOS";
				PRODUCT_NAME = "$(TARGET_NAME)";
				SDKROOT = iphoneos;
				SWIFT_VERSION = 5.0;
				TARGETED_DEVICE_FAMILY = "1,2";
				TEST_TARGET_NAME = "SwiftUI-MVVM (iOS)";
			};
			name = Debug;
		};
		80BC40252614F37A00034765 /* Release */ = {
			isa = XCBuildConfiguration;
			buildSettings = {
				ALWAYS_EMBED_SWIFT_STANDARD_LIBRARIES = YES;
				CODE_SIGN_STYLE = Automatic;
				DEVELOPMENT_TEAM = P547T297G7;
				INFOPLIST_FILE = "Tests iOS/Info.plist";
				IPHONEOS_DEPLOYMENT_TARGET = 14.4;
				LD_RUNPATH_SEARCH_PATHS = (
					"$(inherited)",
					"@executable_path/Frameworks",
					"@loader_path/Frameworks",
				);
				PRODUCT_BUNDLE_IDENTIFIER = "com.MaitreeBain.Tests-iOS";
				PRODUCT_NAME = "$(TARGET_NAME)";
				SDKROOT = iphoneos;
				SWIFT_VERSION = 5.0;
				TARGETED_DEVICE_FAMILY = "1,2";
				TEST_TARGET_NAME = "SwiftUI-MVVM (iOS)";
				VALIDATE_PRODUCT = YES;
			};
			name = Release;
		};
		80BC40272614F37A00034765 /* Debug */ = {
			isa = XCBuildConfiguration;
			buildSettings = {
				ALWAYS_EMBED_SWIFT_STANDARD_LIBRARIES = YES;
				CODE_SIGN_STYLE = Automatic;
				COMBINE_HIDPI_IMAGES = YES;
				DEVELOPMENT_TEAM = P547T297G7;
				INFOPLIST_FILE = "Tests macOS/Info.plist";
				LD_RUNPATH_SEARCH_PATHS = (
					"$(inherited)",
					"@executable_path/../Frameworks",
					"@loader_path/../Frameworks",
				);
				MACOSX_DEPLOYMENT_TARGET = 10.15;
				PRODUCT_BUNDLE_IDENTIFIER = "com.MaitreeBain.Tests-macOS";
				PRODUCT_NAME = "$(TARGET_NAME)";
				SDKROOT = macosx;
				SWIFT_VERSION = 5.0;
				TEST_TARGET_NAME = "SwiftUI-MVVM (macOS)";
			};
			name = Debug;
		};
		80BC40282614F37A00034765 /* Release */ = {
			isa = XCBuildConfiguration;
			buildSettings = {
				ALWAYS_EMBED_SWIFT_STANDARD_LIBRARIES = YES;
				CODE_SIGN_STYLE = Automatic;
				COMBINE_HIDPI_IMAGES = YES;
				DEVELOPMENT_TEAM = P547T297G7;
				INFOPLIST_FILE = "Tests macOS/Info.plist";
				LD_RUNPATH_SEARCH_PATHS = (
					"$(inherited)",
					"@executable_path/../Frameworks",
					"@loader_path/../Frameworks",
				);
				MACOSX_DEPLOYMENT_TARGET = 10.15;
				PRODUCT_BUNDLE_IDENTIFIER = "com.MaitreeBain.Tests-macOS";
				PRODUCT_NAME = "$(TARGET_NAME)";
				SDKROOT = macosx;
				SWIFT_VERSION = 5.0;
				TEST_TARGET_NAME = "SwiftUI-MVVM (macOS)";
			};
			name = Release;
		};
/* End XCBuildConfiguration section */

/* Begin XCConfigurationList section */
		80BC3FEA2614F37800034765 /* Build configuration list for PBXProject "SwiftUI-MVVM" */ = {
			isa = XCConfigurationList;
			buildConfigurations = (
				80BC401B2614F37A00034765 /* Debug */,
				80BC401C2614F37A00034765 /* Release */,
			);
			defaultConfigurationIsVisible = 0;
			defaultConfigurationName = Release;
		};
		80BC401D2614F37A00034765 /* Build configuration list for PBXNativeTarget "SwiftUI-MVVM (iOS)" */ = {
			isa = XCConfigurationList;
			buildConfigurations = (
				80BC401E2614F37A00034765 /* Debug */,
				80BC401F2614F37A00034765 /* Release */,
			);
			defaultConfigurationIsVisible = 0;
			defaultConfigurationName = Release;
		};
		80BC40202614F37A00034765 /* Build configuration list for PBXNativeTarget "SwiftUI-MVVM (macOS)" */ = {
			isa = XCConfigurationList;
			buildConfigurations = (
				80BC40212614F37A00034765 /* Debug */,
				80BC40222614F37A00034765 /* Release */,
			);
			defaultConfigurationIsVisible = 0;
			defaultConfigurationName = Release;
		};
		80BC40232614F37A00034765 /* Build configuration list for PBXNativeTarget "Tests iOS" */ = {
			isa = XCConfigurationList;
			buildConfigurations = (
				80BC40242614F37A00034765 /* Debug */,
				80BC40252614F37A00034765 /* Release */,
			);
			defaultConfigurationIsVisible = 0;
			defaultConfigurationName = Release;
		};
		80BC40262614F37A00034765 /* Build configuration list for PBXNativeTarget "Tests macOS" */ = {
			isa = XCConfigurationList;
			buildConfigurations = (
				80BC40272614F37A00034765 /* Debug */,
				80BC40282614F37A00034765 /* Release */,
			);
			defaultConfigurationIsVisible = 0;
			defaultConfigurationName = Release;
		};
/* End XCConfigurationList section */
	};
	rootObject = 80BC3FE72614F37800034765 /* Project object */;
}
